
Microsoft Visual Studio Solution File, Format Version 12.00
# Visual Studio Version 17
VisualStudioVersion = 17.12.35521.163 d17.12
MinimumVisualStudioVersion = 10.0.40219.1
Project("{FAE04EC0-301F-11D3-BF4B-00C04F79EFBC}") = "BulkyWeb", "BulkyWeb\BulkyWeb.csproj", "{C260D4AD-C530-4439-A16B-AA6DDD1B818A}"
EndProject
Global
	GlobalSection(SolutionConfigurationPlatforms) = preSolution
		Debug|Any CPU = Debug|Any CPU
		Release|Any CPU = Release|Any CPU
	EndGlobalSection
	GlobalSection(ProjectConfigurationPlatforms) = postSolution
		{C260D4AD-C530-4439-A16B-AA6DDD1B818A}.Debug|Any CPU.ActiveCfg = Debug|Any CPU
		{C260D4AD-C530-4439-A16B-AA6DDD1B818A}.Debug|Any CPU.Build.0 = Debug|Any CPU
		{C260D4AD-C530-4439-A16B-AA6DDD1B818A}.Release|Any CPU.ActiveCfg = Release|Any CPU
		{C260D4AD-C530-4439-A16B-AA6DDD1B818A}.Release|Any CPU.Build.0 = Release|Any CPU
	EndGlobalSection
	GlobalSection(SolutionProperties) = preSolution
		HideSolutionNode = FALSE
	EndGlobalSection
EndGlobal
